// !$*UTF8*$!
{
	archiveVersion = 1;
	classes = {
	};
	objectVersion = 56;
	objects = {

/* Begin PBXBuildFile section */
		4960420A2A6096DD005AEE2D /* EditorViewApp.swift in Sources */ = {isa = PBXBuildFile; fileRef = 496042092A6096DD005AEE2D /* EditorViewApp.swift */; };
		4960420C2A6096DD005AEE2D /* ContentView.swift in Sources */ = {isa = PBXBuildFile; fileRef = 4960420B2A6096DD005AEE2D /* ContentView.swift */; };
		4960420E2A6096DE005AEE2D /* Assets.xcassets in Resources */ = {isa = PBXBuildFile; fileRef = 4960420D2A6096DE005AEE2D /* Assets.xcassets */; };
		496042112A6096DE005AEE2D /* Preview Assets.xcassets in Resources */ = {isa = PBXBuildFile; fileRef = 496042102A6096DE005AEE2D /* Preview Assets.xcassets */; };
		496042232A6099EB005AEE2D /* EnvironmentKey.swift in Sources */ = {isa = PBXBuildFile; fileRef = 496042212A6099EB005AEE2D /* EnvironmentKey.swift */; };
		496042242A6099EB005AEE2D /* TextViewModifier.swift in Sources */ = {isa = PBXBuildFile; fileRef = 496042222A6099EB005AEE2D /* TextViewModifier.swift */; };
		496042252A6099EB005AEE2D /* TextView.swift in Sources */ = {isa = PBXBuildFile; fileRef = 496042202A6099EB005AEE2D /* TextView.swift */; };
		496042292A609B86005AEE2D /* STTextView in Frameworks */ = {isa = PBXBuildFile; productRef = 496042282A609B86005AEE2D /* STTextView */; };
		4960422A2A609B8E005AEE2D /* content.txt in Resources */ = {isa = PBXBuildFile; fileRef = 496042262A609ABF005AEE2D /* content.txt */; };
		4960422D2A609D6D005AEE2D /* CodeEditLanguages in Frameworks */ = {isa = PBXBuildFile; productRef = 4960422C2A609D6D005AEE2D /* CodeEditLanguages */; };
		4960423D2A609EBF005AEE2D /* ThemeAttributesProviding.swift in Sources */ = {isa = PBXBuildFile; fileRef = 4960423B2A609E9B005AEE2D /* ThemeAttributesProviding.swift */; };
		4960423E2A609EBF005AEE2D /* EditorTheme.swift in Sources */ = {isa = PBXBuildFile; fileRef = 4960423C2A609E9B005AEE2D /* EditorTheme.swift */; };
		4960423F2A609EBF005AEE2D /* HighlightRange.swift in Sources */ = {isa = PBXBuildFile; fileRef = 496042362A609E48005AEE2D /* HighlightRange.swift */; };
		496042402A609EBF005AEE2D /* HighlightProviding.swift in Sources */ = {isa = PBXBuildFile; fileRef = 496042372A609E48005AEE2D /* HighlightProviding.swift */; };
		496042412A609EBF005AEE2D /* HighlighterTextView.swift in Sources */ = {isa = PBXBuildFile; fileRef = 496042382A609E48005AEE2D /* HighlighterTextView.swift */; };
		496042422A609EBF005AEE2D /* Highlighter.swift in Sources */ = {isa = PBXBuildFile; fileRef = 496042392A609E48005AEE2D /* Highlighter.swift */; };
		496042432A609EBF005AEE2D /* TreeSitterClient+Edit.swift in Sources */ = {isa = PBXBuildFile; fileRef = 4960422F2A609DAF005AEE2D /* TreeSitterClient+Edit.swift */; };
		496042442A609EBF005AEE2D /* TreeSitterState.swift in Sources */ = {isa = PBXBuildFile; fileRef = 496042302A609DAF005AEE2D /* TreeSitterState.swift */; };
		496042452A609EBF005AEE2D /* TreeSitterClient+Highlight.swift in Sources */ = {isa = PBXBuildFile; fileRef = 496042312A609DAF005AEE2D /* TreeSitterClient+Highlight.swift */; };
		496042462A609EBF005AEE2D /* PthreadLock.swift in Sources */ = {isa = PBXBuildFile; fileRef = 496042322A609DAF005AEE2D /* PthreadLock.swift */; };
		496042472A609EBF005AEE2D /* TreeSitterClient.swift in Sources */ = {isa = PBXBuildFile; fileRef = 496042332A609DAF005AEE2D /* TreeSitterClient.swift */; };
		496042482A609EBF005AEE2D /* LanguageLayer.swift in Sources */ = {isa = PBXBuildFile; fileRef = 496042342A609DAF005AEE2D /* LanguageLayer.swift */; };
		496042582A609F24005AEE2D /* STTextView+ContentStorage.swift in Sources */ = {isa = PBXBuildFile; fileRef = 4960424C2A609F24005AEE2D /* STTextView+ContentStorage.swift */; };
		496042592A609F24005AEE2D /* STTextView+AutoComplete.swift in Sources */ = {isa = PBXBuildFile; fileRef = 4960424D2A609F24005AEE2D /* STTextView+AutoComplete.swift */; };
		4960425A2A609F24005AEE2D /* STTextView+TextInterface.swift in Sources */ = {isa = PBXBuildFile; fileRef = 4960424E2A609F24005AEE2D /* STTextView+TextInterface.swift */; };
		4960425B2A609F24005AEE2D /* STTextView+VisibleRange.swift in Sources */ = {isa = PBXBuildFile; fileRef = 4960424F2A609F24005AEE2D /* STTextView+VisibleRange.swift */; };
		4960425C2A609F24005AEE2D /* STTextView+HighlighterTextView.swift in Sources */ = {isa = PBXBuildFile; fileRef = 496042502A609F24005AEE2D /* STTextView+HighlighterTextView.swift */; };
		4960425D2A609F24005AEE2D /* NSRange+String.swift in Sources */ = {isa = PBXBuildFile; fileRef = 496042522A609F24005AEE2D /* NSRange+String.swift */; };
		4960425E2A609F24005AEE2D /* NSRange+NSTextRange.swift in Sources */ = {isa = PBXBuildFile; fileRef = 496042532A609F24005AEE2D /* NSRange+NSTextRange.swift */; };
		4960425F2A609F24005AEE2D /* NSRange+InputEdit.swift in Sources */ = {isa = PBXBuildFile; fileRef = 496042542A609F24005AEE2D /* NSRange+InputEdit.swift */; };
		496042602A609F24005AEE2D /* NSRange+Comparable.swift in Sources */ = {isa = PBXBuildFile; fileRef = 496042552A609F24005AEE2D /* NSRange+Comparable.swift */; };
		496042612A609F24005AEE2D /* NSRange+TSRange.swift in Sources */ = {isa = PBXBuildFile; fileRef = 496042562A609F24005AEE2D /* NSRange+TSRange.swift */; };
		496042632A609F8A005AEE2D /* CaptureName.swift in Sources */ = {isa = PBXBuildFile; fileRef = 496042622A609F8A005AEE2D /* CaptureName.swift */; };
		4960426D2A60A058005AEE2D /* Color+Hex.swift in Sources */ = {isa = PBXBuildFile; fileRef = 496042642A60A057005AEE2D /* Color+Hex.swift */; };
		4960426E2A60A058005AEE2D /* NSEdgeInsets+Equatable.swift in Sources */ = {isa = PBXBuildFile; fileRef = 496042652A60A057005AEE2D /* NSEdgeInsets+Equatable.swift */; };
		4960426F2A60A058005AEE2D /* String+encoding.swift in Sources */ = {isa = PBXBuildFile; fileRef = 496042662A60A057005AEE2D /* String+encoding.swift */; };
		496042702A60A058005AEE2D /* NSFont+LineHeight.swift in Sources */ = {isa = PBXBuildFile; fileRef = 496042672A60A057005AEE2D /* NSFont+LineHeight.swift */; };
		496042712A60A058005AEE2D /* HighlighterTextView+createReadBlock.swift in Sources */ = {isa = PBXBuildFile; fileRef = 496042682A60A057005AEE2D /* HighlighterTextView+createReadBlock.swift */; };
		496042722A60A058005AEE2D /* Parser+createTree.swift in Sources */ = {isa = PBXBuildFile; fileRef = 496042692A60A057005AEE2D /* Parser+createTree.swift */; };
		496042732A60A058005AEE2D /* Tree+prettyPrint.swift in Sources */ = {isa = PBXBuildFile; fileRef = 4960426A2A60A058005AEE2D /* Tree+prettyPrint.swift */; };
		496042742A60A058005AEE2D /* NSFont+RulerFont.swift in Sources */ = {isa = PBXBuildFile; fileRef = 4960426B2A60A058005AEE2D /* NSFont+RulerFont.swift */; };
		496042752A60A058005AEE2D /* IndexSet+NSRange.swift in Sources */ = {isa = PBXBuildFile; fileRef = 4960426C2A60A058005AEE2D /* IndexSet+NSRange.swift */; };
		496042782A60A21D005AEE2D /* TextFormation in Frameworks */ = {isa = PBXBuildFile; productRef = 496042772A60A21D005AEE2D /* TextFormation */; };
		4960427B2A60A2BC005AEE2D /* Rearrange in Frameworks */ = {isa = PBXBuildFile; productRef = 4960427A2A60A2BC005AEE2D /* Rearrange */; };
		4960427D2A60A461005AEE2D /* TextViewCoordinator+Highlighter.swift in Sources */ = {isa = PBXBuildFile; fileRef = 4960427C2A60A461005AEE2D /* TextViewCoordinator+Highlighter.swift */; };
		4960427F2A60A499005AEE2D /* TextViewCoordinator.swift in Sources */ = {isa = PBXBuildFile; fileRef = 4960427E2A60A499005AEE2D /* TextViewCoordinator.swift */; };
/* End PBXBuildFile section */

/* Begin PBXFileReference section */
		496042062A6096DD005AEE2D /* EditorView.app */ = {isa = PBXFileReference; explicitFileType = wrapper.application; includeInIndex = 0; path = EditorView.app; sourceTree = BUILT_PRODUCTS_DIR; };
		496042092A6096DD005AEE2D /* EditorViewApp.swift */ = {isa = PBXFileReference; lastKnownFileType = sourcecode.swift; path = EditorViewApp.swift; sourceTree = "<group>"; };
		4960420B2A6096DD005AEE2D /* ContentView.swift */ = {isa = PBXFileReference; lastKnownFileType = sourcecode.swift; path = ContentView.swift; sourceTree = "<group>"; };
		4960420D2A6096DE005AEE2D /* Assets.xcassets */ = {isa = PBXFileReference; lastKnownFileType = folder.assetcatalog; path = Assets.xcassets; sourceTree = "<group>"; };
		496042102A6096DE005AEE2D /* Preview Assets.xcassets */ = {isa = PBXFileReference; lastKnownFileType = folder.assetcatalog; path = "Preview Assets.xcassets"; sourceTree = "<group>"; };
		496042122A6096DE005AEE2D /* EditorView.entitlements */ = {isa = PBXFileReference; lastKnownFileType = text.plist.entitlements; path = EditorView.entitlements; sourceTree = "<group>"; };
		496042202A6099EB005AEE2D /* TextView.swift */ = {isa = PBXFileReference; lastKnownFileType = sourcecode.swift; path = TextView.swift; sourceTree = "<group>"; };
		496042212A6099EB005AEE2D /* EnvironmentKey.swift */ = {isa = PBXFileReference; lastKnownFileType = sourcecode.swift; path = EnvironmentKey.swift; sourceTree = "<group>"; };
		496042222A6099EB005AEE2D /* TextViewModifier.swift */ = {isa = PBXFileReference; lastKnownFileType = sourcecode.swift; path = TextViewModifier.swift; sourceTree = "<group>"; };
		496042262A609ABF005AEE2D /* content.txt */ = {isa = PBXFileReference; lastKnownFileType = text; path = content.txt; sourceTree = "<group>"; };
		4960422F2A609DAF005AEE2D /* TreeSitterClient+Edit.swift */ = {isa = PBXFileReference; lastKnownFileType = sourcecode.swift; path = "TreeSitterClient+Edit.swift"; sourceTree = "<group>"; };
		496042302A609DAF005AEE2D /* TreeSitterState.swift */ = {isa = PBXFileReference; lastKnownFileType = sourcecode.swift; path = TreeSitterState.swift; sourceTree = "<group>"; };
		496042312A609DAF005AEE2D /* TreeSitterClient+Highlight.swift */ = {isa = PBXFileReference; lastKnownFileType = sourcecode.swift; path = "TreeSitterClient+Highlight.swift"; sourceTree = "<group>"; };
		496042322A609DAF005AEE2D /* PthreadLock.swift */ = {isa = PBXFileReference; lastKnownFileType = sourcecode.swift; path = PthreadLock.swift; sourceTree = "<group>"; };
		496042332A609DAF005AEE2D /* TreeSitterClient.swift */ = {isa = PBXFileReference; lastKnownFileType = sourcecode.swift; path = TreeSitterClient.swift; sourceTree = "<group>"; };
		496042342A609DAF005AEE2D /* LanguageLayer.swift */ = {isa = PBXFileReference; lastKnownFileType = sourcecode.swift; path = LanguageLayer.swift; sourceTree = "<group>"; };
		496042362A609E48005AEE2D /* HighlightRange.swift */ = {isa = PBXFileReference; lastKnownFileType = sourcecode.swift; path = HighlightRange.swift; sourceTree = "<group>"; };
		496042372A609E48005AEE2D /* HighlightProviding.swift */ = {isa = PBXFileReference; lastKnownFileType = sourcecode.swift; path = HighlightProviding.swift; sourceTree = "<group>"; };
		496042382A609E48005AEE2D /* HighlighterTextView.swift */ = {isa = PBXFileReference; lastKnownFileType = sourcecode.swift; path = HighlighterTextView.swift; sourceTree = "<group>"; };
		496042392A609E48005AEE2D /* Highlighter.swift */ = {isa = PBXFileReference; lastKnownFileType = sourcecode.swift; path = Highlighter.swift; sourceTree = "<group>"; };
		4960423B2A609E9B005AEE2D /* ThemeAttributesProviding.swift */ = {isa = PBXFileReference; lastKnownFileType = sourcecode.swift; path = ThemeAttributesProviding.swift; sourceTree = "<group>"; };
		4960423C2A609E9B005AEE2D /* EditorTheme.swift */ = {isa = PBXFileReference; lastKnownFileType = sourcecode.swift; path = EditorTheme.swift; sourceTree = "<group>"; };
		4960424C2A609F24005AEE2D /* STTextView+ContentStorage.swift */ = {isa = PBXFileReference; fileEncoding = 4; lastKnownFileType = sourcecode.swift; path = "STTextView+ContentStorage.swift"; sourceTree = "<group>"; };
		4960424D2A609F24005AEE2D /* STTextView+AutoComplete.swift */ = {isa = PBXFileReference; fileEncoding = 4; lastKnownFileType = sourcecode.swift; path = "STTextView+AutoComplete.swift"; sourceTree = "<group>"; };
		4960424E2A609F24005AEE2D /* STTextView+TextInterface.swift */ = {isa = PBXFileReference; fileEncoding = 4; lastKnownFileType = sourcecode.swift; path = "STTextView+TextInterface.swift"; sourceTree = "<group>"; };
		4960424F2A609F24005AEE2D /* STTextView+VisibleRange.swift */ = {isa = PBXFileReference; fileEncoding = 4; lastKnownFileType = sourcecode.swift; path = "STTextView+VisibleRange.swift"; sourceTree = "<group>"; };
		496042502A609F24005AEE2D /* STTextView+HighlighterTextView.swift */ = {isa = PBXFileReference; fileEncoding = 4; lastKnownFileType = sourcecode.swift; path = "STTextView+HighlighterTextView.swift"; sourceTree = "<group>"; };
		496042522A609F24005AEE2D /* NSRange+String.swift */ = {isa = PBXFileReference; fileEncoding = 4; lastKnownFileType = sourcecode.swift; path = "NSRange+String.swift"; sourceTree = "<group>"; };
		496042532A609F24005AEE2D /* NSRange+NSTextRange.swift */ = {isa = PBXFileReference; fileEncoding = 4; lastKnownFileType = sourcecode.swift; path = "NSRange+NSTextRange.swift"; sourceTree = "<group>"; };
		496042542A609F24005AEE2D /* NSRange+InputEdit.swift */ = {isa = PBXFileReference; fileEncoding = 4; lastKnownFileType = sourcecode.swift; path = "NSRange+InputEdit.swift"; sourceTree = "<group>"; };
		496042552A609F24005AEE2D /* NSRange+Comparable.swift */ = {isa = PBXFileReference; fileEncoding = 4; lastKnownFileType = sourcecode.swift; path = "NSRange+Comparable.swift"; sourceTree = "<group>"; };
		496042562A609F24005AEE2D /* NSRange+TSRange.swift */ = {isa = PBXFileReference; fileEncoding = 4; lastKnownFileType = sourcecode.swift; path = "NSRange+TSRange.swift"; sourceTree = "<group>"; };
		496042622A609F8A005AEE2D /* CaptureName.swift */ = {isa = PBXFileReference; lastKnownFileType = sourcecode.swift; path = CaptureName.swift; sourceTree = "<group>"; };
		496042642A60A057005AEE2D /* Color+Hex.swift */ = {isa = PBXFileReference; fileEncoding = 4; lastKnownFileType = sourcecode.swift; path = "Color+Hex.swift"; sourceTree = "<group>"; };
		496042652A60A057005AEE2D /* NSEdgeInsets+Equatable.swift */ = {isa = PBXFileReference; fileEncoding = 4; lastKnownFileType = sourcecode.swift; path = "NSEdgeInsets+Equatable.swift"; sourceTree = "<group>"; };
		496042662A60A057005AEE2D /* String+encoding.swift */ = {isa = PBXFileReference; fileEncoding = 4; lastKnownFileType = sourcecode.swift; path = "String+encoding.swift"; sourceTree = "<group>"; };
		496042672A60A057005AEE2D /* NSFont+LineHeight.swift */ = {isa = PBXFileReference; fileEncoding = 4; lastKnownFileType = sourcecode.swift; path = "NSFont+LineHeight.swift"; sourceTree = "<group>"; };
		496042682A60A057005AEE2D /* HighlighterTextView+createReadBlock.swift */ = {isa = PBXFileReference; fileEncoding = 4; lastKnownFileType = sourcecode.swift; path = "HighlighterTextView+createReadBlock.swift"; sourceTree = "<group>"; };
		496042692A60A057005AEE2D /* Parser+createTree.swift */ = {isa = PBXFileReference; fileEncoding = 4; lastKnownFileType = sourcecode.swift; path = "Parser+createTree.swift"; sourceTree = "<group>"; };
		4960426A2A60A058005AEE2D /* Tree+prettyPrint.swift */ = {isa = PBXFileReference; fileEncoding = 4; lastKnownFileType = sourcecode.swift; path = "Tree+prettyPrint.swift"; sourceTree = "<group>"; };
		4960426B2A60A058005AEE2D /* NSFont+RulerFont.swift */ = {isa = PBXFileReference; fileEncoding = 4; lastKnownFileType = sourcecode.swift; path = "NSFont+RulerFont.swift"; sourceTree = "<group>"; };
		4960426C2A60A058005AEE2D /* IndexSet+NSRange.swift */ = {isa = PBXFileReference; fileEncoding = 4; lastKnownFileType = sourcecode.swift; path = "IndexSet+NSRange.swift"; sourceTree = "<group>"; };
		4960427C2A60A461005AEE2D /* TextViewCoordinator+Highlighter.swift */ = {isa = PBXFileReference; lastKnownFileType = sourcecode.swift; path = "TextViewCoordinator+Highlighter.swift"; sourceTree = "<group>"; };
		4960427E2A60A499005AEE2D /* TextViewCoordinator.swift */ = {isa = PBXFileReference; lastKnownFileType = sourcecode.swift; path = TextViewCoordinator.swift; sourceTree = "<group>"; };
/* End PBXFileReference section */

/* Begin PBXFrameworksBuildPhase section */
		496042032A6096DD005AEE2D /* Frameworks */ = {
			isa = PBXFrameworksBuildPhase;
			buildActionMask = 2147483647;
			files = (
				4960427B2A60A2BC005AEE2D /* Rearrange in Frameworks */,
				496042782A60A21D005AEE2D /* TextFormation in Frameworks */,
				496042292A609B86005AEE2D /* STTextView in Frameworks */,
				4960422D2A609D6D005AEE2D /* CodeEditLanguages in Frameworks */,
			);
			runOnlyForDeploymentPostprocessing = 0;
		};
/* End PBXFrameworksBuildPhase section */

/* Begin PBXGroup section */
		496041FD2A6096DD005AEE2D = {
			isa = PBXGroup;
			children = (
				496042082A6096DD005AEE2D /* EditorView */,
				496042072A6096DD005AEE2D /* Products */,
				496042272A609B86005AEE2D /* Frameworks */,
			);
			sourceTree = "<group>";
		};
		496042072A6096DD005AEE2D /* Products */ = {
			isa = PBXGroup;
			children = (
				496042062A6096DD005AEE2D /* EditorView.app */,
			);
			name = Products;
			sourceTree = "<group>";
		};
		496042082A6096DD005AEE2D /* EditorView */ = {
			isa = PBXGroup;
			children = (
				496042492A609F10005AEE2D /* Extensions */,
				496042262A609ABF005AEE2D /* content.txt */,
				496042092A6096DD005AEE2D /* EditorViewApp.swift */,
				4960420B2A6096DD005AEE2D /* ContentView.swift */,
				496042212A6099EB005AEE2D /* EnvironmentKey.swift */,
				4960427C2A60A461005AEE2D /* TextViewCoordinator+Highlighter.swift */,
				496042202A6099EB005AEE2D /* TextView.swift */,
				4960427E2A60A499005AEE2D /* TextViewCoordinator.swift */,
				496042222A6099EB005AEE2D /* TextViewModifier.swift */,
				4960423A2A609E9B005AEE2D /* Theme */,
				496042352A609E48005AEE2D /* Highlighting */,
				4960422E2A609DAF005AEE2D /* TreeSitter */,
				4960420D2A6096DE005AEE2D /* Assets.xcassets */,
				496042122A6096DE005AEE2D /* EditorView.entitlements */,
				4960420F2A6096DE005AEE2D /* Preview Content */,
			);
			path = EditorView;
			sourceTree = "<group>";
		};
		4960420F2A6096DE005AEE2D /* Preview Content */ = {
			isa = PBXGroup;
			children = (
				496042102A6096DE005AEE2D /* Preview Assets.xcassets */,
			);
			path = "Preview Content";
			sourceTree = "<group>";
		};
		496042272A609B86005AEE2D /* Frameworks */ = {
			isa = PBXGroup;
			children = (
			);
			name = Frameworks;
			sourceTree = "<group>";
		};
		4960422E2A609DAF005AEE2D /* TreeSitter */ = {
			isa = PBXGroup;
			children = (
				496042622A609F8A005AEE2D /* CaptureName.swift */,
				4960422F2A609DAF005AEE2D /* TreeSitterClient+Edit.swift */,
				496042302A609DAF005AEE2D /* TreeSitterState.swift */,
				496042312A609DAF005AEE2D /* TreeSitterClient+Highlight.swift */,
				496042322A609DAF005AEE2D /* PthreadLock.swift */,
				496042332A609DAF005AEE2D /* TreeSitterClient.swift */,
				496042342A609DAF005AEE2D /* LanguageLayer.swift */,
			);
			path = TreeSitter;
			sourceTree = "<group>";
		};
		496042352A609E48005AEE2D /* Highlighting */ = {
			isa = PBXGroup;
			children = (
				496042362A609E48005AEE2D /* HighlightRange.swift */,
				496042372A609E48005AEE2D /* HighlightProviding.swift */,
				496042382A609E48005AEE2D /* HighlighterTextView.swift */,
				496042392A609E48005AEE2D /* Highlighter.swift */,
			);
			path = Highlighting;
			sourceTree = "<group>";
		};
		4960423A2A609E9B005AEE2D /* Theme */ = {
			isa = PBXGroup;
			children = (
				4960423B2A609E9B005AEE2D /* ThemeAttributesProviding.swift */,
				4960423C2A609E9B005AEE2D /* EditorTheme.swift */,
			);
			path = Theme;
			sourceTree = "<group>";
		};
		496042492A609F10005AEE2D /* Extensions */ = {
			isa = PBXGroup;
			children = (
				496042642A60A057005AEE2D /* Color+Hex.swift */,
				496042682A60A057005AEE2D /* HighlighterTextView+createReadBlock.swift */,
				4960426C2A60A058005AEE2D /* IndexSet+NSRange.swift */,
				496042652A60A057005AEE2D /* NSEdgeInsets+Equatable.swift */,
				496042672A60A057005AEE2D /* NSFont+LineHeight.swift */,
				4960426B2A60A058005AEE2D /* NSFont+RulerFont.swift */,
				496042692A60A057005AEE2D /* Parser+createTree.swift */,
				496042662A60A057005AEE2D /* String+encoding.swift */,
				4960426A2A60A058005AEE2D /* Tree+prettyPrint.swift */,
				496042512A609F24005AEE2D /* NSRange+ */,
				4960424A2A609F24005AEE2D /* STTextView+ */,
			);
			path = Extensions;
			sourceTree = "<group>";
		};
		4960424A2A609F24005AEE2D /* STTextView+ */ = {
			isa = PBXGroup;
			children = (
				4960424C2A609F24005AEE2D /* STTextView+ContentStorage.swift */,
				4960424D2A609F24005AEE2D /* STTextView+AutoComplete.swift */,
				4960424E2A609F24005AEE2D /* STTextView+TextInterface.swift */,
				4960424F2A609F24005AEE2D /* STTextView+VisibleRange.swift */,
				496042502A609F24005AEE2D /* STTextView+HighlighterTextView.swift */,
			);
			path = "STTextView+";
			sourceTree = "<group>";
		};
		496042512A609F24005AEE2D /* NSRange+ */ = {
			isa = PBXGroup;
			children = (
				496042522A609F24005AEE2D /* NSRange+String.swift */,
				496042532A609F24005AEE2D /* NSRange+NSTextRange.swift */,
				496042542A609F24005AEE2D /* NSRange+InputEdit.swift */,
				496042552A609F24005AEE2D /* NSRange+Comparable.swift */,
				496042562A609F24005AEE2D /* NSRange+TSRange.swift */,
			);
			path = "NSRange+";
			sourceTree = "<group>";
		};
/* End PBXGroup section */

/* Begin PBXNativeTarget section */
		496042052A6096DD005AEE2D /* EditorView */ = {
			isa = PBXNativeTarget;
			buildConfigurationList = 496042152A6096DE005AEE2D /* Build configuration list for PBXNativeTarget "EditorView" */;
			buildPhases = (
				496042022A6096DD005AEE2D /* Sources */,
				496042032A6096DD005AEE2D /* Frameworks */,
				496042042A6096DD005AEE2D /* Resources */,
			);
			buildRules = (
			);
			dependencies = (
			);
			name = EditorView;
			packageProductDependencies = (
				496042282A609B86005AEE2D /* STTextView */,
				4960422C2A609D6D005AEE2D /* CodeEditLanguages */,
				496042772A60A21D005AEE2D /* TextFormation */,
				4960427A2A60A2BC005AEE2D /* Rearrange */,
			);
			productName = EditorView;
			productReference = 496042062A6096DD005AEE2D /* EditorView.app */;
			productType = "com.apple.product-type.application";
		};
/* End PBXNativeTarget section */

/* Begin PBXProject section */
		496041FE2A6096DD005AEE2D /* Project object */ = {
			isa = PBXProject;
			attributes = {
				BuildIndependentTargetsInParallel = 1;
				LastSwiftUpdateCheck = 1430;
				LastUpgradeCheck = 1430;
				TargetAttributes = {
					496042052A6096DD005AEE2D = {
						CreatedOnToolsVersion = 14.3.1;
					};
				};
			};
			buildConfigurationList = 496042012A6096DD005AEE2D /* Build configuration list for PBXProject "EditorView" */;
			compatibilityVersion = "Xcode 14.0";
			developmentRegion = en;
			hasScannedForEncodings = 0;
			knownRegions = (
				en,
				Base,
			);
			mainGroup = 496041FD2A6096DD005AEE2D;
			packageReferences = (
				4960422B2A609D6D005AEE2D /* XCRemoteSwiftPackageReference "CodeEditLanguages" */,
				496042762A60A21D005AEE2D /* XCRemoteSwiftPackageReference "TextFormation" */,
				496042792A60A2BC005AEE2D /* XCRemoteSwiftPackageReference "Rearrange" */,
			);
			productRefGroup = 496042072A6096DD005AEE2D /* Products */;
			projectDirPath = "";
			projectRoot = "";
			targets = (
				496042052A6096DD005AEE2D /* EditorView */,
			);
		};
/* End PBXProject section */

/* Begin PBXResourcesBuildPhase section */
		496042042A6096DD005AEE2D /* Resources */ = {
			isa = PBXResourcesBuildPhase;
			buildActionMask = 2147483647;
			files = (
				4960422A2A609B8E005AEE2D /* content.txt in Resources */,
				496042112A6096DE005AEE2D /* Preview Assets.xcassets in Resources */,
				4960420E2A6096DE005AEE2D /* Assets.xcassets in Resources */,
			);
			runOnlyForDeploymentPostprocessing = 0;
		};
/* End PBXResourcesBuildPhase section */

/* Begin PBXSourcesBuildPhase section */
		496042022A6096DD005AEE2D /* Sources */ = {
			isa = PBXSourcesBuildPhase;
			buildActionMask = 2147483647;
			files = (
				496042602A609F24005AEE2D /* NSRange+Comparable.swift in Sources */,
				4960423D2A609EBF005AEE2D /* ThemeAttributesProviding.swift in Sources */,
				496042752A60A058005AEE2D /* IndexSet+NSRange.swift in Sources */,
				496042742A60A058005AEE2D /* NSFont+RulerFont.swift in Sources */,
				4960423E2A609EBF005AEE2D /* EditorTheme.swift in Sources */,
				4960423F2A609EBF005AEE2D /* HighlightRange.swift in Sources */,
				496042402A609EBF005AEE2D /* HighlightProviding.swift in Sources */,
				496042732A60A058005AEE2D /* Tree+prettyPrint.swift in Sources */,
				4960426D2A60A058005AEE2D /* Color+Hex.swift in Sources */,
				496042612A609F24005AEE2D /* NSRange+TSRange.swift in Sources */,
				496042592A609F24005AEE2D /* STTextView+AutoComplete.swift in Sources */,
				496042412A609EBF005AEE2D /* HighlighterTextView.swift in Sources */,
				496042422A609EBF005AEE2D /* Highlighter.swift in Sources */,
				4960425D2A609F24005AEE2D /* NSRange+String.swift in Sources */,
				496042432A609EBF005AEE2D /* TreeSitterClient+Edit.swift in Sources */,
				4960425F2A609F24005AEE2D /* NSRange+InputEdit.swift in Sources */,
				496042442A609EBF005AEE2D /* TreeSitterState.swift in Sources */,
				496042452A609EBF005AEE2D /* TreeSitterClient+Highlight.swift in Sources */,
				496042712A60A058005AEE2D /* HighlighterTextView+createReadBlock.swift in Sources */,
				496042462A609EBF005AEE2D /* PthreadLock.swift in Sources */,
				496042702A60A058005AEE2D /* NSFont+LineHeight.swift in Sources */,
				4960426E2A60A058005AEE2D /* NSEdgeInsets+Equatable.swift in Sources */,
				4960425B2A609F24005AEE2D /* STTextView+VisibleRange.swift in Sources */,
				4960425C2A609F24005AEE2D /* STTextView+HighlighterTextView.swift in Sources */,
				4960425E2A609F24005AEE2D /* NSRange+NSTextRange.swift in Sources */,
				496042472A609EBF005AEE2D /* TreeSitterClient.swift in Sources */,
				496042482A609EBF005AEE2D /* LanguageLayer.swift in Sources */,
				496042242A6099EB005AEE2D /* TextViewModifier.swift in Sources */,
				4960427D2A60A461005AEE2D /* TextViewCoordinator+Highlighter.swift in Sources */,
				496042582A609F24005AEE2D /* STTextView+ContentStorage.swift in Sources */,
				4960426F2A60A058005AEE2D /* String+encoding.swift in Sources */,
				4960427F2A60A499005AEE2D /* TextViewCoordinator.swift in Sources */,
				4960420C2A6096DD005AEE2D /* ContentView.swift in Sources */,
				496042232A6099EB005AEE2D /* EnvironmentKey.swift in Sources */,
				4960420A2A6096DD005AEE2D /* EditorViewApp.swift in Sources */,
				496042722A60A058005AEE2D /* Parser+createTree.swift in Sources */,
				496042252A6099EB005AEE2D /* TextView.swift in Sources */,
				4960425A2A609F24005AEE2D /* STTextView+TextInterface.swift in Sources */,
				496042632A609F8A005AEE2D /* CaptureName.swift in Sources */,
			);
			runOnlyForDeploymentPostprocessing = 0;
		};
/* End PBXSourcesBuildPhase section */

/* Begin XCBuildConfiguration section */
		496042132A6096DE005AEE2D /* Debug */ = {
			isa = XCBuildConfiguration;
			buildSettings = {
				ALWAYS_SEARCH_USER_PATHS = NO;
				CLANG_ANALYZER_NONNULL = YES;
				CLANG_ANALYZER_NUMBER_OBJECT_CONVERSION = YES_AGGRESSIVE;
				CLANG_CXX_LANGUAGE_STANDARD = "gnu++20";
				CLANG_ENABLE_MODULES = YES;
				CLANG_ENABLE_OBJC_ARC = YES;
				CLANG_ENABLE_OBJC_WEAK = YES;
				CLANG_WARN_BLOCK_CAPTURE_AUTORELEASING = YES;
				CLANG_WARN_BOOL_CONVERSION = YES;
				CLANG_WARN_COMMA = YES;
				CLANG_WARN_CONSTANT_CONVERSION = YES;
				CLANG_WARN_DEPRECATED_OBJC_IMPLEMENTATIONS = YES;
				CLANG_WARN_DIRECT_OBJC_ISA_USAGE = YES_ERROR;
				CLANG_WARN_DOCUMENTATION_COMMENTS = YES;
				CLANG_WARN_EMPTY_BODY = YES;
				CLANG_WARN_ENUM_CONVERSION = YES;
				CLANG_WARN_INFINITE_RECURSION = YES;
				CLANG_WARN_INT_CONVERSION = YES;
				CLANG_WARN_NON_LITERAL_NULL_CONVERSION = YES;
				CLANG_WARN_OBJC_IMPLICIT_RETAIN_SELF = YES;
				CLANG_WARN_OBJC_LITERAL_CONVERSION = YES;
				CLANG_WARN_OBJC_ROOT_CLASS = YES_ERROR;
				CLANG_WARN_QUOTED_INCLUDE_IN_FRAMEWORK_HEADER = YES;
				CLANG_WARN_RANGE_LOOP_ANALYSIS = YES;
				CLANG_WARN_STRICT_PROTOTYPES = YES;
				CLANG_WARN_SUSPICIOUS_MOVE = YES;
				CLANG_WARN_UNGUARDED_AVAILABILITY = YES_AGGRESSIVE;
				CLANG_WARN_UNREACHABLE_CODE = YES;
				CLANG_WARN__DUPLICATE_METHOD_MATCH = YES;
				COPY_PHASE_STRIP = NO;
				DEBUG_INFORMATION_FORMAT = dwarf;
				ENABLE_STRICT_OBJC_MSGSEND = YES;
				ENABLE_TESTABILITY = YES;
				GCC_C_LANGUAGE_STANDARD = gnu11;
				GCC_DYNAMIC_NO_PIC = NO;
				GCC_NO_COMMON_BLOCKS = YES;
				GCC_OPTIMIZATION_LEVEL = 0;
				GCC_PREPROCESSOR_DEFINITIONS = (
					"DEBUG=1",
					"$(inherited)",
				);
				GCC_WARN_64_TO_32_BIT_CONVERSION = YES;
				GCC_WARN_ABOUT_RETURN_TYPE = YES_ERROR;
				GCC_WARN_UNDECLARED_SELECTOR = YES;
				GCC_WARN_UNINITIALIZED_AUTOS = YES_AGGRESSIVE;
				GCC_WARN_UNUSED_FUNCTION = YES;
				GCC_WARN_UNUSED_VARIABLE = YES;
				MACOSX_DEPLOYMENT_TARGET = 13.3;
				MTL_ENABLE_DEBUG_INFO = INCLUDE_SOURCE;
				MTL_FAST_MATH = YES;
				ONLY_ACTIVE_ARCH = YES;
				SDKROOT = macosx;
				SWIFT_ACTIVE_COMPILATION_CONDITIONS = DEBUG;
				SWIFT_OPTIMIZATION_LEVEL = "-Onone";
			};
			name = Debug;
		};
		496042142A6096DE005AEE2D /* Release */ = {
			isa = XCBuildConfiguration;
			buildSettings = {
				ALWAYS_SEARCH_USER_PATHS = NO;
				CLANG_ANALYZER_NONNULL = YES;
				CLANG_ANALYZER_NUMBER_OBJECT_CONVERSION = YES_AGGRESSIVE;
				CLANG_CXX_LANGUAGE_STANDARD = "gnu++20";
				CLANG_ENABLE_MODULES = YES;
				CLANG_ENABLE_OBJC_ARC = YES;
				CLANG_ENABLE_OBJC_WEAK = YES;
				CLANG_WARN_BLOCK_CAPTURE_AUTORELEASING = YES;
				CLANG_WARN_BOOL_CONVERSION = YES;
				CLANG_WARN_COMMA = YES;
				CLANG_WARN_CONSTANT_CONVERSION = YES;
				CLANG_WARN_DEPRECATED_OBJC_IMPLEMENTATIONS = YES;
				CLANG_WARN_DIRECT_OBJC_ISA_USAGE = YES_ERROR;
				CLANG_WARN_DOCUMENTATION_COMMENTS = YES;
				CLANG_WARN_EMPTY_BODY = YES;
				CLANG_WARN_ENUM_CONVERSION = YES;
				CLANG_WARN_INFINITE_RECURSION = YES;
				CLANG_WARN_INT_CONVERSION = YES;
				CLANG_WARN_NON_LITERAL_NULL_CONVERSION = YES;
				CLANG_WARN_OBJC_IMPLICIT_RETAIN_SELF = YES;
				CLANG_WARN_OBJC_LITERAL_CONVERSION = YES;
				CLANG_WARN_OBJC_ROOT_CLASS = YES_ERROR;
				CLANG_WARN_QUOTED_INCLUDE_IN_FRAMEWORK_HEADER = YES;
				CLANG_WARN_RANGE_LOOP_ANALYSIS = YES;
				CLANG_WARN_STRICT_PROTOTYPES = YES;
				CLANG_WARN_SUSPICIOUS_MOVE = YES;
				CLANG_WARN_UNGUARDED_AVAILABILITY = YES_AGGRESSIVE;
				CLANG_WARN_UNREACHABLE_CODE = YES;
				CLANG_WARN__DUPLICATE_METHOD_MATCH = YES;
				COPY_PHASE_STRIP = NO;
				DEBUG_INFORMATION_FORMAT = "dwarf-with-dsym";
				ENABLE_NS_ASSERTIONS = NO;
				ENABLE_STRICT_OBJC_MSGSEND = YES;
				GCC_C_LANGUAGE_STANDARD = gnu11;
				GCC_NO_COMMON_BLOCKS = YES;
				GCC_WARN_64_TO_32_BIT_CONVERSION = YES;
				GCC_WARN_ABOUT_RETURN_TYPE = YES_ERROR;
				GCC_WARN_UNDECLARED_SELECTOR = YES;
				GCC_WARN_UNINITIALIZED_AUTOS = YES_AGGRESSIVE;
				GCC_WARN_UNUSED_FUNCTION = YES;
				GCC_WARN_UNUSED_VARIABLE = YES;
				MACOSX_DEPLOYMENT_TARGET = 13.3;
				MTL_ENABLE_DEBUG_INFO = NO;
				MTL_FAST_MATH = YES;
				SDKROOT = macosx;
				SWIFT_COMPILATION_MODE = wholemodule;
				SWIFT_OPTIMIZATION_LEVEL = "-O";
			};
			name = Release;
		};
		496042162A6096DE005AEE2D /* Debug */ = {
			isa = XCBuildConfiguration;
			buildSettings = {
				ASSETCATALOG_COMPILER_APPICON_NAME = AppIcon;
				ASSETCATALOG_COMPILER_GLOBAL_ACCENT_COLOR_NAME = AccentColor;
				CODE_SIGN_ENTITLEMENTS = EditorView/EditorView.entitlements;
				CODE_SIGN_STYLE = Automatic;
				COMBINE_HIDPI_IMAGES = YES;
				CURRENT_PROJECT_VERSION = 1;
				DEVELOPMENT_ASSET_PATHS = "\"EditorView/Preview Content\"";
				DEVELOPMENT_TEAM = 6CGNH3LTV7;
				ENABLE_HARDENED_RUNTIME = YES;
				ENABLE_PREVIEWS = YES;
				GENERATE_INFOPLIST_FILE = YES;
				INFOPLIST_KEY_NSHumanReadableCopyright = "";
				LD_RUNPATH_SEARCH_PATHS = (
					"$(inherited)",
					"@executable_path/../Frameworks",
				);
				MARKETING_VERSION = 1.0;
				PRODUCT_BUNDLE_IDENTIFIER = com.iliasazonov.EditorView;
				PRODUCT_NAME = "$(TARGET_NAME)";
				SWIFT_EMIT_LOC_STRINGS = YES;
				SWIFT_VERSION = 5.0;
			};
			name = Debug;
		};
		496042172A6096DE005AEE2D /* Release */ = {
			isa = XCBuildConfiguration;
			buildSettings = {
				ASSETCATALOG_COMPILER_APPICON_NAME = AppIcon;
				ASSETCATALOG_COMPILER_GLOBAL_ACCENT_COLOR_NAME = AccentColor;
				CODE_SIGN_ENTITLEMENTS = EditorView/EditorView.entitlements;
				CODE_SIGN_STYLE = Automatic;
				COMBINE_HIDPI_IMAGES = YES;
				CURRENT_PROJECT_VERSION = 1;
				DEVELOPMENT_ASSET_PATHS = "\"EditorView/Preview Content\"";
				DEVELOPMENT_TEAM = 6CGNH3LTV7;
				ENABLE_HARDENED_RUNTIME = YES;
				ENABLE_PREVIEWS = YES;
				GENERATE_INFOPLIST_FILE = YES;
				INFOPLIST_KEY_NSHumanReadableCopyright = "";
				LD_RUNPATH_SEARCH_PATHS = (
					"$(inherited)",
					"@executable_path/../Frameworks",
				);
				MARKETING_VERSION = 1.0;
				PRODUCT_BUNDLE_IDENTIFIER = com.iliasazonov.EditorView;
				PRODUCT_NAME = "$(TARGET_NAME)";
				SWIFT_EMIT_LOC_STRINGS = YES;
				SWIFT_VERSION = 5.0;
			};
			name = Release;
		};
/* End XCBuildConfiguration section */

/* Begin XCConfigurationList section */
		496042012A6096DD005AEE2D /* Build configuration list for PBXProject "EditorView" */ = {
			isa = XCConfigurationList;
			buildConfigurations = (
				496042132A6096DE005AEE2D /* Debug */,
				496042142A6096DE005AEE2D /* Release */,
			);
			defaultConfigurationIsVisible = 0;
			defaultConfigurationName = Release;
		};
		496042152A6096DE005AEE2D /* Build configuration list for PBXNativeTarget "EditorView" */ = {
			isa = XCConfigurationList;
			buildConfigurations = (
				496042162A6096DE005AEE2D /* Debug */,
				496042172A6096DE005AEE2D /* Release */,
			);
			defaultConfigurationIsVisible = 0;
			defaultConfigurationName = Release;
		};
/* End XCConfigurationList section */

/* Begin XCRemoteSwiftPackageReference section */
		4960422B2A609D6D005AEE2D /* XCRemoteSwiftPackageReference "CodeEditLanguages" */ = {
			isa = XCRemoteSwiftPackageReference;
			repositoryURL = "https://github.com/CodeEditApp/CodeEditLanguages.git";
			requirement = {
				kind = upToNextMajorVersion;
				minimumVersion = 0.1.16;
			};
		};
		496042762A60A21D005AEE2D /* XCRemoteSwiftPackageReference "TextFormation" */ = {
			isa = XCRemoteSwiftPackageReference;
			repositoryURL = "https://github.com/ChimeHQ/TextFormation";
			requirement = {
				kind = upToNextMajorVersion;
				minimumVersion = 0.7.0;
			};
		};
		496042792A60A2BC005AEE2D /* XCRemoteSwiftPackageReference "Rearrange" */ = {
			isa = XCRemoteSwiftPackageReference;
			repositoryURL = "https://github.com/ChimeHQ/Rearrange";
			requirement = {
				kind = upToNextMajorVersion;
				minimumVersion = 1.0.0;
			};
		};
/* End XCRemoteSwiftPackageReference section */

/* Begin XCSwiftPackageProductDependency section */
		496042282A609B86005AEE2D /* STTextView */ = {
			isa = XCSwiftPackageProductDependency;
			productName = STTextView;
		};
		4960422C2A609D6D005AEE2D /* CodeEditLanguages */ = {
			isa = XCSwiftPackageProductDependency;
			package = 4960422B2A609D6D005AEE2D /* XCRemoteSwiftPackageReference "CodeEditLanguages" */;
			productName = CodeEditLanguages;
		};
		496042772A60A21D005AEE2D /* TextFormation */ = {
			isa = XCSwiftPackageProductDependency;
			package = 496042762A60A21D005AEE2D /* XCRemoteSwiftPackageReference "TextFormation" */;
			productName = TextFormation;
		};
		4960427A2A60A2BC005AEE2D /* Rearrange */ = {
			isa = XCSwiftPackageProductDependency;
			package = 496042792A60A2BC005AEE2D /* XCRemoteSwiftPackageReference "Rearrange" */;
			productName = Rearrange;
		};
/* End XCSwiftPackageProductDependency section */
	};
	rootObject = 496041FE2A6096DD005AEE2D /* Project object */;
}
